
Microsoft Visual Studio Solution File, Format Version 12.00
# Visual Studio Version 16
VisualStudioVersion = 16.0.30114.105
MinimumVisualStudioVersion = 10.0.40219.1
Project("{FAE04EC0-301F-11D3-BF4B-00C04F79EFBC}") = "Moustique", "Moustique.csproj", "{10AC9898-8C3E-4D65-8992-CEFC3C9214CB}"
EndProject
Global
	GlobalSection(SolutionConfigurationPlatforms) = preSolution
		Debug|Any CPU = Debug|Any CPU
		Release|Any CPU = Release|Any CPU
	EndGlobalSection
	GlobalSection(ProjectConfigurationPlatforms) = postSolution
		{10AC9898-8C3E-4D65-8992-CEFC3C9214CB}.Debug|Any CPU.ActiveCfg = Debug|Any CPU
		{10AC9898-8C3E-4D65-8992-CEFC3C9214CB}.Debug|Any CPU.Build.0 = Debug|Any CPU
		{10AC9898-8C3E-4D65-8992-CEFC3C9214CB}.Release|Any CPU.ActiveCfg = Release|Any CPU
		{10AC9898-8C3E-4D65-8992-CEFC3C9214CB}.Release|Any CPU.Build.0 = Release|Any CPU
	EndGlobalSection
	GlobalSection(SolutionProperties) = preSolution
		HideSolutionNode = FALSE
	EndGlobalSection
	GlobalSection(ExtensibilityGlobals) = postSolution
		SolutionGuid = {17A62A93-5C93-48D6-B3C6-2E2F7D0C0E7E}
	EndGlobalSection
EndGlobal
